{
  "version": 4,
  "terraform_version": "1.14.8",
  "serial": 107,
  "lineage": "c7a26e5d-6c08-1036-25ab-410a1ae21826",
  "outputs": {
    "frontend_url": {
      "value": "d3dk5w3d54g0i1.cloudfront.net",
      "type": "string"
    },
    "monitoring_alert_topic_arn": {
      "value": "arn:aws:sns:ap-southeast-1:726101441380:keerthi-service-monitoring-alerts",
      "type": "string"
    },
    "orders_api_url": {
      "value": "https://y4bdeck5r4.execute-api.ap-southeast-1.amazonaws.com/orders",
      "type": "string"
    }
  },
  "resources": [
    {
      "mode": "data",
      "type": "archive_file",
      "name": "auth_lambda_zip",
      "provider": "provider[\"registry.terraform.io/hashicorp/archive\"]",
      "instances": [
        {
          "schema_version": 0,
          "attributes": {
            "exclude_symlink_directories": null,
            "excludes": null,
            "id": "36d3513ed3a8a484e38b7311624aa412f6e8db6e",
            "output_base64sha256": "6xlXS/Z6n9DPeQ2Hdl+6MU316g6XzhlGtiMx+SduWFM=",
            "output_base64sha512": "2bjHECS2zPVwLAqnpJsaFz+n18ofxQsWD3wQ3fS+9zQBpP8ZtdoqW6utRW1i1yHknKzJ/C4qyHPPqDPoPvTTug==",
            "output_file_mode": null,
            "output_md5": "dca10fb1b03a5d3668442d1ebe2e3998",
            "output_path": "./auth_lambda.zip",
            "output_sha": "36d3513ed3a8a484e38b7311624aa412f6e8db6e",
            "output_sha256": "eb19574bf67a9fd0cf790d87765fba314df5ea0e97ce1946b62331f9276e5853",
            "output_sha512": "d9b8c71024b6ccf5702c0aa7a49b1a173fa7d7ca1fc50b160f7c10ddf4bef73401a4ff19b5da2a5babad456d62d721e49cacc9fc2e2ac873cfa833e83ef4d3ba",
            "output_size": 2863,
            "source": [],
            "source_content": null,
            "source_content_filename": null,
            "source_dir": null,
            "source_file": "./../backend/auth/lambda_function.py",
            "type": "zip"
          },
          "sensitive_attributes": [],
          "identity_schema_version": 0
        }
      ]
    },
    {
      "mode": "data",
      "type": "archive_file",
      "name": "order_lambda_zip",
      "provider": "provider[\"registry.terraform.io/hashicorp/archive\"]",
      "instances": [
        {
          "schema_version": 0,
          "attributes": {
            "exclude_symlink_directories": null,
            "excludes": null,
            "id": "077263d079a3d9bc9ff0ff50a624b257d55ad810",
            "output_base64sha256": "iUtSOrqc4MqW3ygmqC9YTuKU8w+KPQouOxWHj1LeyKI=",
            "output_base64sha512": "I5qopU10VqkYmyh8D+WCMvMG+ZAqpPv/MIFccnnpuMlsxZfkFj0eEbrBsKQnKsRjUGWHDhjUbDHSpBEb5DPwXA==",
            "output_file_mode": null,
            "output_md5": "a63cd5de58701c2e5238d16582d7eace",
            "output_path": "./order_lambda.zip",
            "output_sha": "077263d079a3d9bc9ff0ff50a624b257d55ad810",
            "output_sha256": "894b523aba9ce0ca96df2826a82f584ee294f30f8a3d0a2e3b15878f52dec8a2",
            "output_sha512": "239aa8a54d7456a9189b287c0fe58232f306f9902aa4fbff30815c7279e9b8c96cc597e4163d1e11bac1b0a4272ac4635065870e18d46c31d2a4111be433f05c",
            "output_size": 1220,
            "source": [],
            "source_content": null,
            "source_content_filename": null,
            "source_dir": null,
            "source_file": "./../backend/order/lambda_function.py",
            "type": "zip"
          },
          "sensitive_attributes": [],
          "identity_schema_version": 0
        }
      ]
    },
    {
      "mode": "managed",
      "type": "aws_apigatewayv2_api",
      "name": "orders",
      "provider": "provider[\"registry.terraform.io/hashicorp/aws\"]",
      "instances": [
        {
          "schema_version": 0,
          "attributes": {
            "api_endpoint": "https://y4bdeck5r4.execute-api.ap-southeast-1.amazonaws.com",
            "api_key_selection_expression": "$request.header.x-api-key",
            "arn": "arn:aws:apigateway:ap-southeast-1::/apis/y4bdeck5r4",
            "body": null,
            "cors_configuration": [
              {
                "allow_credentials": true,
                "allow_headers": [
                  "*"
                ],
                "allow_methods": [
                  "GET",
                  "OPTIONS",
                  "POST"
                ],
                "allow_origins": [
                  "http://127.0.0.1:5500",
                  "http://localhost:5500",
                  "https://dgebflsa5lqkq.cloudfront.net"
                ],
                "expose_headers": [],
                "max_age": 0
              }
            ],
            "credentials_arn": null,
            "description": "",
            "disable_execute_api_endpoint": false,
            "execution_arn": "arn:aws:execute-api:ap-southeast-1:726101441380:y4bdeck5r4",
            "fail_on_warnings": null,
            "id": "y4bdeck5r4",
            "ip_address_type": "ipv4",
            "name": "keerthi-orders-api",
            "protocol_type": "HTTP",
            "region": "ap-southeast-1",
            "route_key": null,
            "route_selection_expression": "$request.method $request.path",
            "tags": {},
            "tags_all": {},
            "target": null,
            "version": ""
          },
          "sensitive_attributes": [],
          "identity_schema_version": 0,
          "identity": {
            "account_id": "726101441380",
            "id": "y4bdeck5r4",
            "region": "ap-southeast-1"
          },
          "private": "bnVsbA=="
        }
      ]
    },
    {
      "mode": "managed",
      "type": "aws_apigatewayv2_integration",
      "name": "auth_lambda",
      "provider": "provider[\"registry.terraform.io/hashicorp/aws\"]",
      "instances": [
        {
          "schema_version": 0,
          "attributes": {
            "api_id": "y4bdeck5r4",
            "connection_id": "",
            "connection_type": "INTERNET",
            "content_handling_strategy": "",
            "credentials_arn": "",
            "description": "",
            "id": "fisogie",
            "integration_method": "POST",
            "integration_response_selection_expression": "",
            "integration_subtype": "",
            "integration_type": "AWS_PROXY",
            "integration_uri": "arn:aws:apigateway:ap-southeast-1:lambda:path/2015-03-31/functions/arn:aws:lambda:ap-southeast-1:726101441380:function:KEERTHI_AUTH_SERVICE/invocations",
            "passthrough_behavior": "",
            "payload_format_version": "2.0",
            "region": "ap-southeast-1",
            "request_parameters": {},
            "request_templates": {},
            "response_parameters": [],
            "template_selection_expression": "",
            "timeout_milliseconds": 30000,
            "tls_config": []
          },
          "sensitive_attributes": [],
          "identity_schema_version": 0,
          "private": "bnVsbA==",
          "dependencies": [
            "aws_apigatewayv2_api.orders",
            "aws_dynamodb_table.keerthi_session_table",
            "aws_dynamodb_table.keerthi_table",
            "aws_iam_role.auth_lambda_role",
            "aws_lambda_function.auth",
            "data.archive_file.auth_lambda_zip"
          ]
        }
      ]
    },
    {
      "mode": "managed",
      "type": "aws_apigatewayv2_integration",
      "name": "orders_lambda",
      "provider": "provider[\"registry.terraform.io/hashicorp/aws\"]",
      "instances": [
        {
          "schema_version": 0,
          "attributes": {
            "api_id": "y4bdeck5r4",
            "connection_id": "",
            "connection_type": "INTERNET",
            "content_handling_strategy": "",
            "credentials_arn": "",
            "description": "",
            "id": "7qcwtec",
            "integration_method": "POST",
            "integration_response_selection_expression": "",
            "integration_subtype": "",
            "integration_type": "AWS_PROXY",
            "integration_uri": "arn:aws:apigateway:ap-southeast-1:lambda:path/2015-03-31/functions/arn:aws:lambda:ap-southeast-1:726101441380:function:keerthi_order/invocations",
            "passthrough_behavior": "",
            "payload_format_version": "2.0",
            "region": "ap-southeast-1",
            "request_parameters": {},
            "request_templates": {},
            "response_parameters": [],
            "template_selection_expression": "",
            "timeout_milliseconds": 30000,
            "tls_config": []
          },
          "sensitive_attributes": [],
          "identity_schema_version": 0,
          "private": "bnVsbA==",
          "dependencies": [
            "aws_apigatewayv2_api.orders",
            "aws_dynamodb_table.orders",
            "aws_iam_role.order_lambda_role",
            "aws_lambda_function.order",
            "data.archive_file.order_lambda_zip"
          ]
        }
      ]
    },
    {
      "mode": "managed",
      "type": "aws_apigatewayv2_route",
      "name": "admin_users",
      "provider": "provider[\"registry.terraform.io/hashicorp/aws\"]",
      "instances": [
        {
          "schema_version": 0,
          "attributes": {
            "api_id": "y4bdeck5r4",
            "api_key_required": false,
            "authorization_scopes": [],
            "authorization_type": "NONE",
            "authorizer_id": "",
            "id": "v1s3ds7",
            "model_selection_expression": "",
            "operation_name": "",
            "region": "ap-southeast-1",
            "request_models": {},
            "request_parameter": [],
            "route_key": "GET /admin/users",
            "route_response_selection_expression": "",
            "target": "integrations/fisogie"
          },
          "sensitive_attributes": [],
          "identity_schema_version": 0,
          "identity": {
            "account_id": "726101441380",
            "api_id": "y4bdeck5r4",
            "id": "v1s3ds7",
            "region": "ap-southeast-1"
          },
          "private": "bnVsbA==",
          "dependencies": [
            "aws_apigatewayv2_api.orders",
            "aws_apigatewayv2_integration.auth_lambda",
            "aws_dynamodb_table.keerthi_session_table",
            "aws_dynamodb_table.keerthi_table",
            "aws_iam_role.auth_lambda_role",
            "aws_lambda_function.auth",
            "data.archive_file.auth_lambda_zip"
          ]
        }
      ]
    },
    {
      "mode": "managed",
      "type": "aws_apigatewayv2_route",
      "name": "auth_login",
      "provider": "provider[\"registry.terraform.io/hashicorp/aws\"]",
      "instances": [
        {
          "schema_version": 0,
          "attributes": {
            "api_id": "y4bdeck5r4",
            "api_key_required": false,
            "authorization_scopes": [],
            "authorization_type": "NONE",
            "authorizer_id": "",
            "id": "dondhvh",
            "model_selection_expression": "",
            "operation_name": "",
            "region": "ap-southeast-1",
            "request_models": {},
            "request_parameter": [],
            "route_key": "POST /auth/login",
            "route_response_selection_expression": "",
            "target": "integrations/fisogie"
          },
          "sensitive_attributes": [],
          "identity_schema_version": 0,
          "identity": {
            "account_id": "726101441380",
            "api_id": "y4bdeck5r4",
            "id": "dondhvh",
            "region": "ap-southeast-1"
          },
          "private": "bnVsbA==",
          "dependencies": [
            "aws_apigatewayv2_api.orders",
            "aws_apigatewayv2_integration.auth_lambda",
            "aws_dynamodb_table.keerthi_session_table",
            "aws_dynamodb_table.keerthi_table",
            "aws_iam_role.auth_lambda_role",
            "aws_lambda_function.auth",
            "data.archive_file.auth_lambda_zip"
          ]
        }
      ]
    },
    {
      "mode": "managed",
      "type": "aws_apigatewayv2_route",
      "name": "auth_logout",
      "provider": "provider[\"registry.terraform.io/hashicorp/aws\"]",
      "instances": [
        {
          "schema_version": 0,
          "attributes": {
            "api_id": "y4bdeck5r4",
            "api_key_required": false,
            "authorization_scopes": [],
            "authorization_type": "NONE",
            "authorizer_id": "",
            "id": "oef5fvp",
            "model_selection_expression": "",
            "operation_name": "",
            "region": "ap-southeast-1",
            "request_models": {},
            "request_parameter": [],
            "route_key": "POST /auth/logout",
            "route_response_selection_expression": "",
            "target": "integrations/fisogie"
          },
          "sensitive_attributes": [],
          "identity_schema_version": 0,
          "identity": {
            "account_id": "726101441380",
            "api_id": "y4bdeck5r4",
            "id": "oef5fvp",
            "region": "ap-southeast-1"
          },
          "private": "bnVsbA==",
          "dependencies": [
            "aws_apigatewayv2_api.orders",
            "aws_apigatewayv2_integration.auth_lambda",
            "aws_dynamodb_table.keerthi_session_table",
            "aws_dynamodb_table.keerthi_table",
            "aws_iam_role.auth_lambda_role",
            "aws_lambda_function.auth",
            "data.archive_file.auth_lambda_zip"
          ]
        }
      ]
    },
    {
      "mode": "managed",
      "type": "aws_apigatewayv2_route",
      "name": "auth_me",
      "provider": "provider[\"registry.terraform.io/hashicorp/aws\"]",
      "instances": [
        {
          "schema_version": 0,
          "attributes": {
            "api_id": "y4bdeck5r4",
            "api_key_required": false,
            "authorization_scopes": [],
            "authorization_type": "NONE",
            "authorizer_id": "",
            "id": "md6xqv3",
            "model_selection_expression": "",
            "operation_name": "",
            "region": "ap-southeast-1",
            "request_models": {},
            "request_parameter": [],
            "route_key": "GET /auth/me",
            "route_response_selection_expression": "",
            "target": "integrations/fisogie"
          },
          "sensitive_attributes": [],
          "identity_schema_version": 0,
          "identity": {
            "account_id": "726101441380",
            "api_id": "y4bdeck5r4",
            "id": "md6xqv3",
            "region": "ap-southeast-1"
          },
          "private": "bnVsbA==",
          "dependencies": [
            "aws_apigatewayv2_api.orders",
            "aws_apigatewayv2_integration.auth_lambda",
            "aws_dynamodb_table.keerthi_session_table",
            "aws_dynamodb_table.keerthi_table",
            "aws_iam_role.auth_lambda_role",
            "aws_lambda_function.auth",
            "data.archive_file.auth_lambda_zip"
          ]
        }
      ]
    },
    {
      "mode": "managed",
      "type": "aws_apigatewayv2_route",
      "name": "auth_register",
      "provider": "provider[\"registry.terraform.io/hashicorp/aws\"]",
      "instances": [
        {
          "schema_version": 0,
          "attributes": {
            "api_id": "y4bdeck5r4",
            "api_key_required": false,
            "authorization_scopes": [],
            "authorization_type": "NONE",
            "authorizer_id": "",
            "id": "l5vb6gk",
            "model_selection_expression": "",
            "operation_name": "",
            "region": "ap-southeast-1",
            "request_models": {},
            "request_parameter": [],
            "route_key": "POST /auth/register",
            "route_response_selection_expression": "",
            "target": "integrations/fisogie"
          },
          "sensitive_attributes": [],
          "identity_schema_version": 0,
          "identity": {
            "account_id": "726101441380",
            "api_id": "y4bdeck5r4",
            "id": "l5vb6gk",
            "region": "ap-southeast-1"
          },
          "private": "bnVsbA==",
          "dependencies": [
            "aws_apigatewayv2_api.orders",
            "aws_apigatewayv2_integration.auth_lambda",
            "aws_dynamodb_table.keerthi_session_table",
            "aws_dynamodb_table.keerthi_table",
            "aws_iam_role.auth_lambda_role",
            "aws_lambda_function.auth",
            "data.archive_file.auth_lambda_zip"
          ]
        }
      ]
    },
    {
      "mode": "managed",
      "type": "aws_apigatewayv2_route",
      "name": "orders_get",
      "provider": "provider[\"registry.terraform.io/hashicorp/aws\"]",
      "instances": [
        {
          "schema_version": 0,
          "attributes": {
            "api_id": "y4bdeck5r4",
            "api_key_required": false,
            "authorization_scopes": [],
            "authorization_type": "NONE",
            "authorizer_id": "",
            "id": "2h5titc",
            "model_selection_expression": "",
            "operation_name": "",
            "region": "ap-southeast-1",
            "request_models": {},
            "request_parameter": [],
            "route_key": "GET /orders",
            "route_response_selection_expression": "",
            "target": "integrations/7qcwtec"
          },
          "sensitive_attributes": [],
          "identity_schema_version": 0,
          "identity": {
            "account_id": "726101441380",
            "api_id": "y4bdeck5r4",
            "id": "2h5titc",
            "region": "ap-southeast-1"
          },
          "private": "bnVsbA==",
          "dependencies": [
            "aws_apigatewayv2_api.orders",
            "aws_apigatewayv2_integration.orders_lambda",
            "aws_dynamodb_table.orders",
            "aws_iam_role.order_lambda_role",
            "aws_lambda_function.order",
            "data.archive_file.order_lambda_zip"
          ]
        }
      ]
    },
    {
      "mode": "managed",
      "type": "aws_apigatewayv2_route",
      "name": "orders_post",
      "provider": "provider[\"registry.terraform.io/hashicorp/aws\"]",
      "instances": [
        {
          "schema_version": 0,
          "attributes": {
            "api_id": "y4bdeck5r4",
            "api_key_required": false,
            "authorization_scopes": [],
            "authorization_type": "NONE",
            "authorizer_id": "",
            "id": "3bsb3z3",
            "model_selection_expression": "",
            "operation_name": "",
            "region": "ap-southeast-1",
            "request_models": {},
            "request_parameter": [],
            "route_key": "POST /orders",
            "route_response_selection_expression": "",
            "target": "integrations/7qcwtec"
          },
          "sensitive_attributes": [],
          "identity_schema_version": 0,
          "identity": {
            "account_id": "726101441380",
            "api_id": "y4bdeck5r4",
            "id": "3bsb3z3",
            "region": "ap-southeast-1"
          },
          "private": "bnVsbA==",
          "dependencies": [
            "aws_apigatewayv2_api.orders",
            "aws_apigatewayv2_integration.orders_lambda",
            "aws_dynamodb_table.orders",
            "aws_iam_role.order_lambda_role",
            "aws_lambda_function.order",
            "data.archive_file.order_lambda_zip"
          ]
        }
      ]
    },
    {
      "mode": "managed",
      "type": "aws_apigatewayv2_stage",
      "name": "orders_default",
      "provider": "provider[\"registry.terraform.io/hashicorp/aws\"]",
      "instances": [
        {
          "schema_version": 0,
          "attributes": {
            "access_log_settings": [],
            "api_id": "y4bdeck5r4",
            "arn": "arn:aws:apigateway:ap-southeast-1::/apis/y4bdeck5r4/stages/$default",
            "auto_deploy": true,
            "client_certificate_id": "",
            "default_route_settings": [
              {
                "data_trace_enabled": false,
                "detailed_metrics_enabled": false,
                "logging_level": "",
                "throttling_burst_limit": 0,
                "throttling_rate_limit": 0
              }
            ],
            "deployment_id": "snretv",
            "description": "",
            "execution_arn": "arn:aws:execute-api:ap-southeast-1:726101441380:y4bdeck5r4/$default",
            "id": "$default",
            "invoke_url": "https://y4bdeck5r4.execute-api.ap-southeast-1.amazonaws.com/",
            "name": "$default",
            "region": "ap-southeast-1",
            "route_settings": [],
            "stage_variables": {},
            "tags": {},
            "tags_all": {}
          },
          "sensitive_attributes": [],
          "identity_schema_version": 0,
          "private": "bnVsbA==",
          "dependencies": [
            "aws_apigatewayv2_api.orders"
          ]
        }
      ]
    },
    {
      "mode": "managed",
      "type": "aws_cloudfront_distribution",
      "name": "cdn",
      "provider": "provider[\"registry.terraform.io/hashicorp/aws\"]",
      "instances": [
        {
          "schema_version": 1,
          "attributes": {
            "aliases": [],
            "anycast_ip_list_id": "",
            "arn": "arn:aws:cloudfront::726101441380:distribution/E1K0EXVXHA9F53",
            "caller_reference": "terraform-20260422044450633700000001",
            "comment": null,
            "connection_function_association": [],
            "continuous_deployment_policy_id": "",
            "custom_error_response": [],
            "default_cache_behavior": [
              {
                "allowed_methods": [
                  "GET",
                  "HEAD"
                ],
                "cache_policy_id": "",
                "cached_methods": [
                  "GET",
                  "HEAD"
                ],
                "compress": false,
                "default_ttl": 0,
                "field_level_encryption_id": "",
                "forwarded_values": [
                  {
                    "cookies": [
                      {
                        "forward": "none",
                        "whitelisted_names": []
                      }
                    ],
                    "headers": [],
                    "query_string": false,
                    "query_string_cache_keys": []
                  }
                ],
                "function_association": [],
                "grpc_config": [
                  {
                    "enabled": false
                  }
                ],
                "lambda_function_association": [],
                "max_ttl": 0,
                "min_ttl": 0,
                "origin_request_policy_id": "",
                "realtime_log_config_arn": "",
                "response_headers_policy_id": "",
                "smooth_streaming": false,
                "target_origin_id": "keerthi-origin",
                "trusted_key_groups": [],
                "trusted_signers": [],
                "viewer_protocol_policy": "redirect-to-https"
              }
            ],
            "default_root_object": "index.html",
            "domain_name": "d3dk5w3d54g0i1.cloudfront.net",
            "enabled": true,
            "etag": "E23ZP02F085DFQ",
            "hosted_zone_id": "Z2FDTNDATAQYW2",
            "http_version": "http2",
            "id": "E1K0EXVXHA9F53",
            "in_progress_validation_batches": 0,
            "is_ipv6_enabled": false,
            "last_modified_time": "2026-04-22 04:44:50.889 +0000 UTC",
            "logging_config": [],
            "logging_v1_enabled": false,
            "ordered_cache_behavior": [],
            "origin": [
              {
                "connection_attempts": 3,
                "connection_timeout": 10,
                "custom_header": [],
                "custom_origin_config": [
                  {
                    "http_port": 80,
                    "https_port": 443,
                    "ip_address_type": "",
                    "origin_keepalive_timeout": 5,
                    "origin_protocol_policy": "http-only",
                    "origin_read_timeout": 30,
                    "origin_ssl_protocols": [
                      "TLSv1.2"
                    ]
                  }
                ],
                "domain_name": "keerthi-frontend-bucket-123.s3-website-ap-southeast-1.amazonaws.com",
                "origin_access_control_id": "",
                "origin_id": "keerthi-origin",
                "origin_path": "",
                "origin_shield": [],
                "response_completion_timeout": 0,
                "s3_origin_config": [],
                "vpc_origin_config": []
              }
            ],
            "origin_group": [],
            "price_class": "PriceClass_All",
            "restrictions": [
              {
                "geo_restriction": [
                  {
                    "locations": [],
                    "restriction_type": "none"
                  }
                ]
              }
            ],
            "retain_on_delete": false,
            "staging": false,
            "status": "Deployed",
            "tags": {
              "Name": "keerthi-cdn",
              "Owner": "keerthi"
            },
            "tags_all": {
              "Name": "keerthi-cdn",
              "Owner": "keerthi"
            },
            "trusted_key_groups": [
              {
                "enabled": false,
                "items": []
              }
            ],
            "trusted_signers": [
              {
                "enabled": false,
                "items": []
              }
            ],
            "viewer_certificate": [
              {
                "acm_certificate_arn": "",
                "cloudfront_default_certificate": true,
                "iam_certificate_id": "",
                "minimum_protocol_version": "TLSv1",
                "ssl_support_method": ""
              }
            ],
            "viewer_mtls_config": [],
            "wait_for_deployment": true,
            "web_acl_id": ""
          },
          "sensitive_attributes": [],
          "identity_schema_version": 0,
          "identity": {
            "account_id": "726101441380",
            "id": "E1K0EXVXHA9F53"
          },
          "private": "eyJzY2hlbWFfdmVyc2lvbiI6IjEifQ==",
          "dependencies": [
            "aws_s3_bucket.frontend"
          ]
        }
      ]
    },
    {
      "mode": "managed",
      "type": "aws_cloudwatch_dashboard",
      "name": "service_monitoring",
      "provider": "provider[\"registry.terraform.io/hashicorp/aws\"]",
      "instances": []
    },
    {
      "mode": "managed",
      "type": "aws_cloudwatch_log_group",
      "name": "auth_lambda_logs",
      "provider": "provider[\"registry.terraform.io/hashicorp/aws\"]",
      "instances": []
    },
    {
      "mode": "managed",
      "type": "aws_cloudwatch_log_group",
      "name": "order_lambda_logs",
      "provider": "provider[\"registry.terraform.io/hashicorp/aws\"]",
      "instances": []
    },
    {
      "mode": "managed",
      "type": "aws_cloudwatch_metric_alarm",
      "name": "order_lambda_errors",
      "provider": "provider[\"registry.terraform.io/hashicorp/aws\"]",
      "instances": []
    },
    {
      "mode": "managed",
      "type": "aws_cloudwatch_metric_alarm",
      "name": "orders_api_5xx",
      "provider": "provider[\"registry.terraform.io/hashicorp/aws\"]",
      "instances": []
    },
    {
      "mode": "managed",
      "type": "aws_cloudwatch_metric_alarm",
      "name": "orders_table_throttles",
      "provider": "provider[\"registry.terraform.io/hashicorp/aws\"]",
      "instances": []
    },
    {
      "mode": "managed",
      "type": "aws_dynamodb_table",
      "name": "keerthi_session_table",
      "provider": "provider[\"registry.terraform.io/hashicorp/aws\"]",
      "instances": [
        {
          "schema_version": 1,
          "attributes": {
            "arn": "arn:aws:dynamodb:ap-southeast-1:726101441380:table/KEERTHI_SESSION_TABLE",
            "attribute": [
              {
                "name": "session_id",
                "type": "S"
              }
            ],
            "billing_mode": "PAY_PER_REQUEST",
            "deletion_protection_enabled": false,
            "global_secondary_index": [],
            "global_table_witness": [],
            "hash_key": "session_id",
            "id": "KEERTHI_SESSION_TABLE",
            "import_table": [],
            "local_secondary_index": [],
            "name": "KEERTHI_SESSION_TABLE",
            "on_demand_throughput": [],
            "point_in_time_recovery": [
              {
                "enabled": false,
                "recovery_period_in_days": 0
              }
            ],
            "range_key": null,
            "read_capacity": 0,
            "region": "ap-southeast-1",
            "replica": [],
            "restore_backup_arn": null,
            "restore_date_time": null,
            "restore_source_name": null,
            "restore_source_table_arn": null,
            "restore_to_latest_time": null,
            "server_side_encryption": [],
            "stream_arn": "",
            "stream_enabled": false,
            "stream_label": "",
            "stream_view_type": "",
            "table_class": "STANDARD",
            "tags": {
              "Name": "keerthi-auth-sessions",
              "Owner": "keerthi"
            },
            "tags_all": {
              "Name": "keerthi-auth-sessions",
              "Owner": "keerthi"
            },
            "timeouts": null,
            "ttl": [
              {
                "attribute_name": "expires_at",
                "enabled": true
              }
            ],
            "warm_throughput": [],
            "write_capacity": 0
          },
          "sensitive_attributes": [],
          "identity_schema_version": 0,
          "identity": {
            "account_id": "726101441380",
            "name": "KEERTHI_SESSION_TABLE",
            "region": "ap-southeast-1"
          },
          "private": "eyJlMmJmYjczMC1lY2FhLTExZTYtOGY4OC0zNDM2M2JjN2M0YzAiOnsiY3JlYXRlIjoxODAwMDAwMDAwMDAwLCJkZWxldGUiOjYwMDAwMDAwMDAwMCwidXBkYXRlIjozNjAwMDAwMDAwMDAwfSwic2NoZW1hX3ZlcnNpb24iOiIxIn0="
        }
      ]
    },
    {
      "mode": "managed",
      "type": "aws_dynamodb_table",
      "name": "keerthi_table",
      "provider": "provider[\"registry.terraform.io/hashicorp/aws\"]",
      "instances": [
        {
          "schema_version": 1,
          "attributes": {
            "arn": "arn:aws:dynamodb:ap-southeast-1:726101441380:table/KEERTHI_TABLE",
            "attribute": [
              {
                "name": "email",
                "type": "S"
              }
            ],
            "billing_mode": "PAY_PER_REQUEST",
            "deletion_protection_enabled": false,
            "global_secondary_index": [],
            "global_table_witness": [],
            "hash_key": "email",
            "id": "KEERTHI_TABLE",
            "import_table": [],
            "local_secondary_index": [],
            "name": "KEERTHI_TABLE",
            "on_demand_throughput": [],
            "point_in_time_recovery": [
              {
                "enabled": false,
                "recovery_period_in_days": 0
              }
            ],
            "range_key": null,
            "read_capacity": 0,
            "region": "ap-southeast-1",
            "replica": [],
            "restore_backup_arn": null,
            "restore_date_time": null,
            "restore_source_name": null,
            "restore_source_table_arn": null,
            "restore_to_latest_time": null,
            "server_side_encryption": [],
            "stream_arn": "",
            "stream_enabled": false,
            "stream_label": "",
            "stream_view_type": "",
            "table_class": "STANDARD",
            "tags": {
              "Name": "keerthi-auth-users",
              "Owner": "keerthi"
            },
            "tags_all": {
              "Name": "keerthi-auth-users",
              "Owner": "keerthi"
            },
            "timeouts": null,
            "ttl": [
              {
                "attribute_name": "",
                "enabled": false
              }
            ],
            "warm_throughput": [],
            "write_capacity": 0
          },
          "sensitive_attributes": [],
          "identity_schema_version": 0,
          "identity": {
            "account_id": "726101441380",
            "name": "KEERTHI_TABLE",
            "region": "ap-southeast-1"
          },
          "private": "eyJlMmJmYjczMC1lY2FhLTExZTYtOGY4OC0zNDM2M2JjN2M0YzAiOnsiY3JlYXRlIjoxODAwMDAwMDAwMDAwLCJkZWxldGUiOjYwMDAwMDAwMDAwMCwidXBkYXRlIjozNjAwMDAwMDAwMDAwfSwic2NoZW1hX3ZlcnNpb24iOiIxIn0="
        }
      ]
    },
    {
      "mode": "managed",
      "type": "aws_dynamodb_table",
      "name": "orders",
      "provider": "provider[\"registry.terraform.io/hashicorp/aws\"]",
      "instances": [
        {
          "schema_version": 1,
          "attributes": {
            "arn": "arn:aws:dynamodb:ap-southeast-1:726101441380:table/keerthi_orders",
            "attribute": [
              {
                "name": "order_id",
                "type": "S"
              }
            ],
            "billing_mode": "PAY_PER_REQUEST",
            "deletion_protection_enabled": false,
            "global_secondary_index": [],
            "global_table_witness": [],
            "hash_key": "order_id",
            "id": "keerthi_orders",
            "import_table": [],
            "local_secondary_index": [],
            "name": "keerthi_orders",
            "on_demand_throughput": [],
            "point_in_time_recovery": [
              {
                "enabled": false,
                "recovery_period_in_days": 0
              }
            ],
            "range_key": null,
            "read_capacity": 0,
            "region": "ap-southeast-1",
            "replica": [],
            "restore_backup_arn": null,
            "restore_date_time": null,
            "restore_source_name": null,
            "restore_source_table_arn": null,
            "restore_to_latest_time": null,
            "server_side_encryption": [],
            "stream_arn": "",
            "stream_enabled": false,
            "stream_label": "",
            "stream_view_type": "",
            "table_class": "STANDARD",
            "tags": {
              "Name": "keerthi-orders",
              "Owner": "keerthi"
            },
            "tags_all": {
              "Name": "keerthi-orders",
              "Owner": "keerthi"
            },
            "timeouts": null,
            "ttl": [
              {
                "attribute_name": "",
                "enabled": false
              }
            ],
            "warm_throughput": [],
            "write_capacity": 0
          },
          "sensitive_attributes": [],
          "identity_schema_version": 0,
          "identity": {
            "account_id": "726101441380",
            "name": "keerthi_orders",
            "region": "ap-southeast-1"
          },
          "private": "eyJlMmJmYjczMC1lY2FhLTExZTYtOGY4OC0zNDM2M2JjN2M0YzAiOnsiY3JlYXRlIjoxODAwMDAwMDAwMDAwLCJkZWxldGUiOjYwMDAwMDAwMDAwMCwidXBkYXRlIjozNjAwMDAwMDAwMDAwfSwic2NoZW1hX3ZlcnNpb24iOiIxIn0="
        }
      ]
    },
    {
      "mode": "managed",
      "type": "aws_iam_role",
      "name": "auth_lambda_role",
      "provider": "provider[\"registry.terraform.io/hashicorp/aws\"]",
      "instances": [
        {
          "schema_version": 0,
          "attributes": {
            "arn": "arn:aws:iam::726101441380:role/keerthi-auth-lambda-role",
            "assume_role_policy": "{\"Statement\":[{\"Action\":\"sts:AssumeRole\",\"Effect\":\"Allow\",\"Principal\":{\"Service\":\"lambda.amazonaws.com\"}}],\"Version\":\"2012-10-17\"}",
            "create_date": "2026-04-22T09:09:27Z",
            "description": "",
            "force_detach_policies": false,
            "id": "keerthi-auth-lambda-role",
            "inline_policy": [
              {
                "name": "keerthi-auth-lambda-policy",
                "policy": "{\"Version\":\"2012-10-17\",\"Statement\":[{\"Action\":[\"logs:CreateLogGroup\",\"logs:CreateLogStream\",\"logs:PutLogEvents\"],\"Effect\":\"Allow\",\"Resource\":\"arn:aws:logs:*:*:*\"},{\"Action\":[\"dynamodb:GetItem\",\"dynamodb:PutItem\",\"dynamodb:UpdateItem\",\"dynamodb:DeleteItem\",\"dynamodb:Scan\"],\"Effect\":\"Allow\",\"Resource\":[\"arn:aws:dynamodb:ap-southeast-1:726101441380:table/KEERTHI_TABLE\",\"arn:aws:dynamodb:ap-southeast-1:726101441380:table/KEERTHI_SESSION_TABLE\"]},{\"Action\":[\"xray:PutTraceSegments\",\"xray:PutTelemetryRecords\"],\"Effect\":\"Allow\",\"Resource\":\"*\"}]}"
              }
            ],
            "managed_policy_arns": [],
            "max_session_duration": 3600,
            "name": "keerthi-auth-lambda-role",
            "name_prefix": "",
            "path": "/",
            "permissions_boundary": "",
            "tags": {},
            "tags_all": {},
            "unique_id": "AROA2SDYEXNSCPAOTN7IM"
          },
          "sensitive_attributes": [],
          "identity_schema_version": 0,
          "identity": {
            "account_id": "726101441380",
            "name": "keerthi-auth-lambda-role"
          },
          "private": "bnVsbA=="
        }
      ]
    },
    {
      "mode": "managed",
      "type": "aws_iam_role",
      "name": "order_lambda_role",
      "provider": "provider[\"registry.terraform.io/hashicorp/aws\"]",
      "instances": [
        {
          "schema_version": 0,
          "attributes": {
            "arn": "arn:aws:iam::726101441380:role/keerthi-order-lambda-role",
            "assume_role_policy": "{\"Statement\":[{\"Action\":\"sts:AssumeRole\",\"Effect\":\"Allow\",\"Principal\":{\"Service\":\"lambda.amazonaws.com\"}}],\"Version\":\"2012-10-17\"}",
            "create_date": "2026-04-15T06:58:11Z",
            "description": "",
            "force_detach_policies": false,
            "id": "keerthi-order-lambda-role",
            "inline_policy": [
              {
                "name": "keerthi-order-lambda-policy",
                "policy": "{\"Version\":\"2012-10-17\",\"Statement\":[{\"Action\":[\"logs:CreateLogGroup\",\"logs:CreateLogStream\",\"logs:PutLogEvents\"],\"Effect\":\"Allow\",\"Resource\":\"arn:aws:logs:*:*:*\"},{\"Action\":[\"dynamodb:PutItem\",\"dynamodb:Scan\"],\"Effect\":\"Allow\",\"Resource\":\"arn:aws:dynamodb:ap-southeast-1:726101441380:table/keerthi_orders\"},{\"Action\":[\"xray:PutTraceSegments\",\"xray:PutTelemetryRecords\"],\"Effect\":\"Allow\",\"Resource\":\"*\"}]}"
              }
            ],
            "managed_policy_arns": [],
            "max_session_duration": 3600,
            "name": "keerthi-order-lambda-role",
            "name_prefix": "",
            "path": "/",
            "permissions_boundary": "",
            "tags": {},
            "tags_all": {},
            "unique_id": "AROA2SDYEXNSIYHTDEMOH"
          },
          "sensitive_attributes": [],
          "identity_schema_version": 0,
          "identity": {
            "account_id": "726101441380",
            "name": "keerthi-order-lambda-role"
          },
          "private": "eyJzY2hlbWFfdmVyc2lvbiI6IjAifQ=="
        }
      ]
    },
    {
      "mode": "managed",
      "type": "aws_iam_role_policy",
      "name": "auth_lambda_policy",
      "provider": "provider[\"registry.terraform.io/hashicorp/aws\"]",
      "instances": [
        {
          "schema_version": 0,
          "attributes": {
            "id": "keerthi-auth-lambda-role:keerthi-auth-lambda-policy",
            "name": "keerthi-auth-lambda-policy",
            "name_prefix": "",
            "policy": "{\"Version\":\"2012-10-17\",\"Statement\":[{\"Action\":[\"logs:CreateLogGroup\",\"logs:CreateLogStream\",\"logs:PutLogEvents\"],\"Effect\":\"Allow\",\"Resource\":\"arn:aws:logs:*:*:*\"},{\"Action\":[\"dynamodb:GetItem\",\"dynamodb:PutItem\",\"dynamodb:UpdateItem\",\"dynamodb:DeleteItem\",\"dynamodb:Scan\"],\"Effect\":\"Allow\",\"Resource\":[\"arn:aws:dynamodb:ap-southeast-1:726101441380:table/KEERTHI_TABLE\",\"arn:aws:dynamodb:ap-southeast-1:726101441380:table/KEERTHI_SESSION_TABLE\"]},{\"Action\":[\"xray:PutTraceSegments\",\"xray:PutTelemetryRecords\"],\"Effect\":\"Allow\",\"Resource\":\"*\"}]}",
            "role": "keerthi-auth-lambda-role"
          },
          "sensitive_attributes": [],
          "identity_schema_version": 0,
          "identity": {
            "account_id": "726101441380",
            "name": "keerthi-auth-lambda-policy",
            "role": "keerthi-auth-lambda-role"
          },
          "private": "bnVsbA==",
          "dependencies": [
            "aws_dynamodb_table.keerthi_session_table",
            "aws_dynamodb_table.keerthi_table",
            "aws_iam_role.auth_lambda_role"
          ]
        }
      ]
    },
    {
      "mode": "managed",
      "type": "aws_iam_role_policy",
      "name": "order_lambda_policy",
      "provider": "provider[\"registry.terraform.io/hashicorp/aws\"]",
      "instances": [
        {
          "schema_version": 0,
          "attributes": {
            "id": "keerthi-order-lambda-role:keerthi-order-lambda-policy",
            "name": "keerthi-order-lambda-policy",
            "name_prefix": "",
            "policy": "{\"Version\":\"2012-10-17\",\"Statement\":[{\"Action\":[\"logs:CreateLogGroup\",\"logs:CreateLogStream\",\"logs:PutLogEvents\"],\"Effect\":\"Allow\",\"Resource\":\"arn:aws:logs:*:*:*\"},{\"Action\":[\"dynamodb:PutItem\",\"dynamodb:Scan\"],\"Effect\":\"Allow\",\"Resource\":\"arn:aws:dynamodb:ap-southeast-1:726101441380:table/keerthi_orders\"},{\"Action\":[\"xray:PutTraceSegments\",\"xray:PutTelemetryRecords\"],\"Effect\":\"Allow\",\"Resource\":\"*\"}]}",
            "role": "keerthi-order-lambda-role"
          },
          "sensitive_attributes": [],
          "identity_schema_version": 0,
          "identity": {
            "account_id": "726101441380",
            "name": "keerthi-order-lambda-policy",
            "role": "keerthi-order-lambda-role"
          },
          "private": "bnVsbA==",
          "dependencies": [
            "aws_dynamodb_table.orders",
            "aws_iam_role.order_lambda_role"
          ]
        }
      ]
    },
    {
      "mode": "managed",
      "type": "aws_lambda_function",
      "name": "auth",
      "provider": "provider[\"registry.terraform.io/hashicorp/aws\"]",
      "instances": [
        {
          "schema_version": 0,
          "attributes": {
            "architectures": [
              "x86_64"
            ],
            "arn": "arn:aws:lambda:ap-southeast-1:726101441380:function:KEERTHI_AUTH_SERVICE",
            "capacity_provider_config": [],
            "code_sha256": "6xlXS/Z6n9DPeQ2Hdl+6MU316g6XzhlGtiMx+SduWFM=",
            "code_signing_config_arn": "",
            "dead_letter_config": [],
            "description": "",
            "durable_config": [],
            "environment": [
              {
                "variables": {
                  "KEERTHI_COOKIE_SECURE": "true",
                  "KEERTHI_SESSION_TABLE": "KEERTHI_SESSION_TABLE",
                  "KEERTHI_SESSION_TTL_SECONDS": "86400",
                  "KEERTHI_TABLE": "KEERTHI_TABLE"
                }
              }
            ],
            "ephemeral_storage": [
              {
                "size": 512
              }
            ],
            "file_system_config": [],
            "filename": "./auth_lambda.zip",
            "function_name": "KEERTHI_AUTH_SERVICE",
            "handler": "lambda_function.lambda_handler",
            "id": "KEERTHI_AUTH_SERVICE",
            "image_config": [],
            "image_uri": "",
            "invoke_arn": "arn:aws:apigateway:ap-southeast-1:lambda:path/2015-03-31/functions/arn:aws:lambda:ap-southeast-1:726101441380:function:KEERTHI_AUTH_SERVICE/invocations",
            "kms_key_arn": "",
            "last_modified": "2026-06-02T11:47:27.000+0000",
            "layers": [],
            "logging_config": [
              {
                "application_log_level": "",
                "log_format": "Text",
                "log_group": "/aws/lambda/KEERTHI_AUTH_SERVICE",
                "system_log_level": ""
              }
            ],
            "memory_size": 128,
            "package_type": "Zip",
            "publish": false,
            "publish_to": null,
            "qualified_arn": "arn:aws:lambda:ap-southeast-1:726101441380:function:KEERTHI_AUTH_SERVICE:$LATEST",
            "qualified_invoke_arn": "arn:aws:apigateway:ap-southeast-1:lambda:path/2015-03-31/functions/arn:aws:lambda:ap-southeast-1:726101441380:function:KEERTHI_AUTH_SERVICE:$LATEST/invocations",
            "region": "ap-southeast-1",
            "replace_security_groups_on_destroy": null,
            "replacement_security_group_ids": null,
            "reserved_concurrent_executions": -1,
            "response_streaming_invoke_arn": "arn:aws:apigateway:ap-southeast-1:lambda:path/2021-11-15/functions/arn:aws:lambda:ap-southeast-1:726101441380:function:KEERTHI_AUTH_SERVICE/response-streaming-invocations",
            "role": "arn:aws:iam::726101441380:role/keerthi-auth-lambda-role",
            "runtime": "python3.12",
            "s3_bucket": null,
            "s3_key": null,
            "s3_object_version": null,
            "signing_job_arn": "",
            "signing_profile_version_arn": "",
            "skip_destroy": false,
            "snap_start": [],
            "source_code_hash": "6xlXS/Z6n9DPeQ2Hdl+6MU316g6XzhlGtiMx+SduWFM=",
            "source_code_size": 2863,
            "source_kms_key_arn": "",
            "tags": {},
            "tags_all": {},
            "tenancy_config": [],
            "timeout": 10,
            "timeouts": null,
            "tracing_config": [
              {
                "mode": "Active"
              }
            ],
            "version": "$LATEST",
            "vpc_config": []
          },
          "sensitive_attributes": [],
          "identity_schema_version": 0,
          "identity": {
            "account_id": "726101441380",
            "function_name": "KEERTHI_AUTH_SERVICE",
            "region": "ap-southeast-1"
          },
          "private": "eyJlMmJmYjczMC1lY2FhLTExZTYtOGY4OC0zNDM2M2JjN2M0YzAiOnsiY3JlYXRlIjo2MDAwMDAwMDAwMDAsImRlbGV0ZSI6NjAwMDAwMDAwMDAwLCJ1cGRhdGUiOjYwMDAwMDAwMDAwMH19",
          "dependencies": [
            "aws_dynamodb_table.keerthi_session_table",
            "aws_dynamodb_table.keerthi_table",
            "aws_iam_role.auth_lambda_role",
            "data.archive_file.auth_lambda_zip"
          ]
        }
      ]
    },
    {
      "mode": "managed",
      "type": "aws_lambda_function",
      "name": "order",
      "provider": "provider[\"registry.terraform.io/hashicorp/aws\"]",
      "instances": [
        {
          "schema_version": 0,
          "attributes": {
            "architectures": [
              "x86_64"
            ],
            "arn": "arn:aws:lambda:ap-southeast-1:726101441380:function:keerthi_order",
            "capacity_provider_config": [],
            "code_sha256": "iUtSOrqc4MqW3ygmqC9YTuKU8w+KPQouOxWHj1LeyKI=",
            "code_signing_config_arn": "",
            "dead_letter_config": [],
            "description": "",
            "durable_config": [],
            "environment": [
              {
                "variables": {
                  "ORDER_TABLE": "keerthi_orders"
                }
              }
            ],
            "ephemeral_storage": [
              {
                "size": 512
              }
            ],
            "file_system_config": [],
            "filename": "./order_lambda.zip",
            "function_name": "keerthi_order",
            "handler": "lambda_function.lambda_handler",
            "id": "keerthi_order",
            "image_config": [],
            "image_uri": "",
            "invoke_arn": "arn:aws:apigateway:ap-southeast-1:lambda:path/2015-03-31/functions/arn:aws:lambda:ap-southeast-1:726101441380:function:keerthi_order/invocations",
            "kms_key_arn": "",
            "last_modified": "2026-06-01T09:49:48.000+0000",
            "layers": [],
            "logging_config": [
              {
                "application_log_level": "",
                "log_format": "Text",
                "log_group": "/aws/lambda/keerthi_order",
                "system_log_level": ""
              }
            ],
            "memory_size": 128,
            "package_type": "Zip",
            "publish": false,
            "publish_to": null,
            "qualified_arn": "arn:aws:lambda:ap-southeast-1:726101441380:function:keerthi_order:$LATEST",
            "qualified_invoke_arn": "arn:aws:apigateway:ap-southeast-1:lambda:path/2015-03-31/functions/arn:aws:lambda:ap-southeast-1:726101441380:function:keerthi_order:$LATEST/invocations",
            "region": "ap-southeast-1",
            "replace_security_groups_on_destroy": null,
            "replacement_security_group_ids": null,
            "reserved_concurrent_executions": -1,
            "response_streaming_invoke_arn": "arn:aws:apigateway:ap-southeast-1:lambda:path/2021-11-15/functions/arn:aws:lambda:ap-southeast-1:726101441380:function:keerthi_order/response-streaming-invocations",
            "role": "arn:aws:iam::726101441380:role/keerthi-order-lambda-role",
            "runtime": "python3.12",
            "s3_bucket": null,
            "s3_key": null,
            "s3_object_version": null,
            "signing_job_arn": "",
            "signing_profile_version_arn": "",
            "skip_destroy": false,
            "snap_start": [],
            "source_code_hash": "iUtSOrqc4MqW3ygmqC9YTuKU8w+KPQouOxWHj1LeyKI=",
            "source_code_size": 1220,
            "source_kms_key_arn": "",
            "tags": {},
            "tags_all": {},
            "tenancy_config": [],
            "timeout": 10,
            "timeouts": null,
            "tracing_config": [
              {
                "mode": "Active"
              }
            ],
            "version": "$LATEST",
            "vpc_config": []
          },
          "sensitive_attributes": [],
          "identity_schema_version": 0,
          "identity": {
            "account_id": "726101441380",
            "function_name": "keerthi_order",
            "region": "ap-southeast-1"
          },
          "private": "eyJlMmJmYjczMC1lY2FhLTExZTYtOGY4OC0zNDM2M2JjN2M0YzAiOnsiY3JlYXRlIjo2MDAwMDAwMDAwMDAsImRlbGV0ZSI6NjAwMDAwMDAwMDAwLCJ1cGRhdGUiOjYwMDAwMDAwMDAwMH19",
          "dependencies": [
            "aws_dynamodb_table.orders",
            "aws_iam_role.order_lambda_role",
            "data.archive_file.order_lambda_zip"
          ]
        }
      ]
    },
    {
      "mode": "managed",
      "type": "aws_lambda_permission",
      "name": "auth_api_invoke",
      "provider": "provider[\"registry.terraform.io/hashicorp/aws\"]",
      "instances": [
        {
          "schema_version": 0,
          "attributes": {
            "action": "lambda:InvokeFunction",
            "event_source_token": null,
            "function_name": "KEERTHI_AUTH_SERVICE",
            "function_url_auth_type": null,
            "id": "AllowExecutionFromAPIGatewayAuth",
            "invoked_via_function_url": null,
            "principal": "apigateway.amazonaws.com",
            "principal_org_id": null,
            "qualifier": "",
            "region": "ap-southeast-1",
            "source_account": null,
            "source_arn": "arn:aws:execute-api:ap-southeast-1:726101441380:y4bdeck5r4/*/*",
            "statement_id": "AllowExecutionFromAPIGatewayAuth",
            "statement_id_prefix": ""
          },
          "sensitive_attributes": [],
          "identity_schema_version": 0,
          "identity": {
            "account_id": "726101441380",
            "function_name": "KEERTHI_AUTH_SERVICE",
            "qualifier": null,
            "region": "ap-southeast-1",
            "statement_id": "AllowExecutionFromAPIGatewayAuth"
          },
          "private": "bnVsbA==",
          "dependencies": [
            "aws_apigatewayv2_api.orders",
            "aws_dynamodb_table.keerthi_session_table",
            "aws_dynamodb_table.keerthi_table",
            "aws_iam_role.auth_lambda_role",
            "aws_lambda_function.auth",
            "data.archive_file.auth_lambda_zip"
          ]
        }
      ]
    },
    {
      "mode": "managed",
      "type": "aws_lambda_permission",
      "name": "orders_api_invoke",
      "provider": "provider[\"registry.terraform.io/hashicorp/aws\"]",
      "instances": [
        {
          "schema_version": 0,
          "attributes": {
            "action": "lambda:InvokeFunction",
            "event_source_token": null,
            "function_name": "keerthi_order",
            "function_url_auth_type": null,
            "id": "AllowExecutionFromAPIGatewayOrdersV2",
            "invoked_via_function_url": null,
            "principal": "apigateway.amazonaws.com",
            "principal_org_id": null,
            "qualifier": "",
            "region": "ap-southeast-1",
            "source_account": null,
            "source_arn": "arn:aws:execute-api:ap-southeast-1:726101441380:y4bdeck5r4/*/*",
            "statement_id": "AllowExecutionFromAPIGatewayOrdersV2",
            "statement_id_prefix": ""
          },
          "sensitive_attributes": [],
          "identity_schema_version": 0,
          "identity": {
            "account_id": "726101441380",
            "function_name": "keerthi_order",
            "qualifier": null,
            "region": "ap-southeast-1",
            "statement_id": "AllowExecutionFromAPIGatewayOrdersV2"
          },
          "private": "bnVsbA==",
          "dependencies": [
            "aws_apigatewayv2_api.orders",
            "aws_dynamodb_table.orders",
            "aws_iam_role.order_lambda_role",
            "aws_lambda_function.order",
            "data.archive_file.order_lambda_zip"
          ]
        }
      ]
    },
    {
      "mode": "managed",
      "type": "aws_s3_bucket",
      "name": "frontend",
      "provider": "provider[\"registry.terraform.io/hashicorp/aws\"]",
      "instances": [
        {
          "schema_version": 0,
          "attributes": {
            "acceleration_status": "",
            "acl": null,
            "arn": "arn:aws:s3:::keerthi-frontend-bucket-123",
            "bucket": "keerthi-frontend-bucket-123",
            "bucket_domain_name": "keerthi-frontend-bucket-123.s3.amazonaws.com",
            "bucket_namespace": "global",
            "bucket_prefix": "",
            "bucket_region": "ap-southeast-1",
            "bucket_regional_domain_name": "keerthi-frontend-bucket-123.s3.ap-southeast-1.amazonaws.com",
            "cors_rule": [],
            "force_destroy": true,
            "grant": [
              {
                "id": "21eb56825d3b46b556b5ed4ad1c3c85f62a473aa7fa45d30cdb83e5ddf5beec6",
                "permissions": [
                  "FULL_CONTROL"
                ],
                "type": "CanonicalUser",
                "uri": ""
              }
            ],
            "hosted_zone_id": "Z3O0J2DXBE1FTB",
            "id": "keerthi-frontend-bucket-123",
            "lifecycle_rule": [],
            "logging": [],
            "object_lock_configuration": [],
            "object_lock_enabled": false,
            "policy": "{\"Id\":\"PolicyForCloudFrontPrivateContent\",\"Statement\":[{\"Action\":\"s3:GetObject\",\"Condition\":{\"StringEquals\":{\"AWS:SourceArn\":\"arn:aws:cloudfront::726101441380:distribution/E1ZLQXXKEX30B3\"}},\"Effect\":\"Allow\",\"Principal\":{\"Service\":\"cloudfront.amazonaws.com\"},\"Resource\":\"arn:aws:s3:::keerthi-frontend-bucket-123/*\",\"Sid\":\"AllowCloudFrontServicePrincipal\"}],\"Version\":\"2008-10-17\"}",
            "region": "ap-southeast-1",
            "replication_configuration": [],
            "request_payer": "BucketOwner",
            "server_side_encryption_configuration": [
              {
                "rule": [
                  {
                    "apply_server_side_encryption_by_default": [
                      {
                        "kms_master_key_id": "",
                        "sse_algorithm": "AES256"
                      }
                    ],
                    "bucket_key_enabled": false
                  }
                ]
              }
            ],
            "tags": {
              "Name": "keerthi-frontend",
              "Owner": "keerthi"
            },
            "tags_all": {
              "Name": "keerthi-frontend",
              "Owner": "keerthi"
            },
            "timeouts": null,
            "versioning": [
              {
                "enabled": false,
                "mfa_delete": false
              }
            ],
            "website": [
              {
                "error_document": "",
                "index_document": "index.html",
                "redirect_all_requests_to": "",
                "routing_rules": ""
              }
            ],
            "website_domain": "s3-website-ap-southeast-1.amazonaws.com",
            "website_endpoint": "keerthi-frontend-bucket-123.s3-website-ap-southeast-1.amazonaws.com"
          },
          "sensitive_attributes": [],
          "identity_schema_version": 0,
          "identity": {
            "account_id": "726101441380",
            "bucket": "keerthi-frontend-bucket-123",
            "region": "ap-southeast-1"
          },
          "private": "eyJlMmJmYjczMC1lY2FhLTExZTYtOGY4OC0zNDM2M2JjN2M0YzAiOnsiY3JlYXRlIjoxMjAwMDAwMDAwMDAwLCJkZWxldGUiOjM2MDAwMDAwMDAwMDAsInJlYWQiOjEyMDAwMDAwMDAwMDAsInVwZGF0ZSI6MTIwMDAwMDAwMDAwMH19"
        }
      ]
    },
    {
      "mode": "managed",
      "type": "aws_s3_bucket_policy",
      "name": "policy",
      "provider": "provider[\"registry.terraform.io/hashicorp/aws\"]",
      "instances": [
        {
          "schema_version": 0,
          "attributes": {
            "bucket": "keerthi-frontend-bucket-123",
            "id": "keerthi-frontend-bucket-123",
            "policy": "{\"Id\":\"PolicyForCloudFrontPrivateContent\",\"Statement\":[{\"Action\":\"s3:GetObject\",\"Condition\":{\"StringEquals\":{\"AWS:SourceArn\":\"arn:aws:cloudfront::726101441380:distribution/E1ZLQXXKEX30B3\"}},\"Effect\":\"Allow\",\"Principal\":{\"Service\":\"cloudfront.amazonaws.com\"},\"Resource\":\"arn:aws:s3:::keerthi-frontend-bucket-123/*\",\"Sid\":\"AllowCloudFrontServicePrincipal\"}],\"Version\":\"2008-10-17\"}",
            "region": "ap-southeast-1"
          },
          "sensitive_attributes": [],
          "identity_schema_version": 0,
          "identity": {
            "account_id": "726101441380",
            "bucket": "keerthi-frontend-bucket-123",
            "region": "ap-southeast-1"
          },
          "private": "bnVsbA==",
          "dependencies": [
            "aws_s3_bucket.frontend",
            "aws_s3_bucket_public_access_block.public"
          ]
        }
      ]
    },
    {
      "mode": "managed",
      "type": "aws_s3_bucket_public_access_block",
      "name": "public",
      "provider": "provider[\"registry.terraform.io/hashicorp/aws\"]",
      "instances": [
        {
          "schema_version": 0,
          "attributes": {
            "block_public_acls": true,
            "block_public_policy": true,
            "bucket": "keerthi-frontend-bucket-123",
            "id": "keerthi-frontend-bucket-123",
            "ignore_public_acls": true,
            "region": "ap-southeast-1",
            "restrict_public_buckets": true,
            "skip_destroy": null
          },
          "sensitive_attributes": [],
          "identity_schema_version": 0,
          "identity": {
            "account_id": "726101441380",
            "bucket": "keerthi-frontend-bucket-123",
            "region": "ap-southeast-1"
          },
          "private": "bnVsbA==",
          "dependencies": [
            "aws_s3_bucket.frontend"
          ]
        }
      ]
    },
    {
      "mode": "managed",
      "type": "aws_s3_bucket_website_configuration",
      "name": "site",
      "provider": "provider[\"registry.terraform.io/hashicorp/aws\"]",
      "instances": [
        {
          "schema_version": 0,
          "attributes": {
            "bucket": "keerthi-frontend-bucket-123",
            "error_document": [],
            "expected_bucket_owner": "",
            "id": "keerthi-frontend-bucket-123",
            "index_document": [
              {
                "suffix": "index.html"
              }
            ],
            "redirect_all_requests_to": [],
            "region": "ap-southeast-1",
            "routing_rule": [],
            "routing_rules": "",
            "website_domain": "s3-website-ap-southeast-1.amazonaws.com",
            "website_endpoint": "keerthi-frontend-bucket-123.s3-website-ap-southeast-1.amazonaws.com"
          },
          "sensitive_attributes": [],
          "identity_schema_version": 1,
          "identity": {
            "account_id": "726101441380",
            "bucket": "keerthi-frontend-bucket-123",
            "region": "ap-southeast-1"
          },
          "private": "bnVsbA==",
          "dependencies": [
            "aws_s3_bucket.frontend"
          ]
        }
      ]
    },
    {
      "mode": "managed",
      "type": "aws_s3_object",
      "name": "admin_dashboard",
      "provider": "provider[\"registry.terraform.io/hashicorp/aws\"]",
      "instances": [
        {
          "schema_version": 0,
          "attributes": {
            "acl": null,
            "arn": "arn:aws:s3:::keerthi-frontend-bucket-123/admin-dashboard.html",
            "bucket": "keerthi-frontend-bucket-123",
            "bucket_key_enabled": false,
            "cache_control": "",
            "checksum_algorithm": null,
            "checksum_crc32": "",
            "checksum_crc32c": "",
            "checksum_crc64nvme": "",
            "checksum_sha1": "",
            "checksum_sha256": "",
            "content": null,
            "content_base64": null,
            "content_disposition": "",
            "content_encoding": "",
            "content_language": "",
            "content_type": "text/html",
            "etag": "b524083109e001b48ae0080fad562db7",
            "force_destroy": false,
            "id": "keerthi-frontend-bucket-123/admin-dashboard.html",
            "key": "admin-dashboard.html",
            "kms_key_id": null,
            "metadata": {},
            "object_lock_legal_hold_status": "",
            "object_lock_mode": "",
            "object_lock_retain_until_date": "",
            "override_provider": [],
            "region": "ap-southeast-1",
            "server_side_encryption": "AES256",
            "source": "./../frontend/admin-dashboard.html",
            "source_hash": null,
            "storage_class": "STANDARD",
            "tags": {},
            "tags_all": {},
            "version_id": "",
            "website_redirect": ""
          },
          "sensitive_attributes": [],
          "identity_schema_version": 0,
          "identity": {
            "account_id": "726101441380",
            "bucket": "keerthi-frontend-bucket-123",
            "key": "admin-dashboard.html",
            "region": "ap-southeast-1"
          },
          "private": "bnVsbA==",
          "dependencies": [
            "aws_s3_bucket.frontend"
          ]
        }
      ]
    },
    {
      "mode": "managed",
      "type": "aws_s3_object",
      "name": "admin_login",
      "provider": "provider[\"registry.terraform.io/hashicorp/aws\"]",
      "instances": [
        {
          "schema_version": 0,
          "attributes": {
            "acl": null,
            "arn": "arn:aws:s3:::keerthi-frontend-bucket-123/admin-login.html",
            "bucket": "keerthi-frontend-bucket-123",
            "bucket_key_enabled": false,
            "cache_control": "",
            "checksum_algorithm": null,
            "checksum_crc32": "",
            "checksum_crc32c": "",
            "checksum_crc64nvme": "",
            "checksum_sha1": "",
            "checksum_sha256": "",
            "content": null,
            "content_base64": null,
            "content_disposition": "",
            "content_encoding": "",
            "content_language": "",
            "content_type": "text/html",
            "etag": "924a074251feacae9d076e514c7c63f3",
            "force_destroy": false,
            "id": "keerthi-frontend-bucket-123/admin-login.html",
            "key": "admin-login.html",
            "kms_key_id": null,
            "metadata": {},
            "object_lock_legal_hold_status": "",
            "object_lock_mode": "",
            "object_lock_retain_until_date": "",
            "override_provider": [],
            "region": "ap-southeast-1",
            "server_side_encryption": "AES256",
            "source": "./../frontend/admin-login.html",
            "source_hash": null,
            "storage_class": "STANDARD",
            "tags": {},
            "tags_all": {},
            "version_id": "",
            "website_redirect": ""
          },
          "sensitive_attributes": [],
          "identity_schema_version": 0,
          "identity": {
            "account_id": "726101441380",
            "bucket": "keerthi-frontend-bucket-123",
            "key": "admin-login.html",
            "region": "ap-southeast-1"
          },
          "private": "bnVsbA==",
          "dependencies": [
            "aws_s3_bucket.frontend"
          ]
        }
      ]
    },
    {
      "mode": "managed",
      "type": "aws_s3_object",
      "name": "cart",
      "provider": "provider[\"registry.terraform.io/hashicorp/aws\"]",
      "instances": [
        {
          "schema_version": 0,
          "attributes": {
            "acl": null,
            "arn": "arn:aws:s3:::keerthi-frontend-bucket-123/cart.html",
            "bucket": "keerthi-frontend-bucket-123",
            "bucket_key_enabled": false,
            "cache_control": "",
            "checksum_algorithm": null,
            "checksum_crc32": "",
            "checksum_crc32c": "",
            "checksum_crc64nvme": "",
            "checksum_sha1": "",
            "checksum_sha256": "",
            "content": null,
            "content_base64": null,
            "content_disposition": "",
            "content_encoding": "",
            "content_language": "",
            "content_type": "text/html",
            "etag": "1baffb6a1253af2185d3a66edbeeeb13",
            "force_destroy": false,
            "id": "keerthi-frontend-bucket-123/cart.html",
            "key": "cart.html",
            "kms_key_id": null,
            "metadata": {},
            "object_lock_legal_hold_status": "",
            "object_lock_mode": "",
            "object_lock_retain_until_date": "",
            "override_provider": [],
            "region": "ap-southeast-1",
            "server_side_encryption": "AES256",
            "source": "./../frontend/pages/cart.html",
            "source_hash": null,
            "storage_class": "STANDARD",
            "tags": {},
            "tags_all": {},
            "version_id": "",
            "website_redirect": ""
          },
          "sensitive_attributes": [],
          "identity_schema_version": 0,
          "identity": {
            "account_id": "726101441380",
            "bucket": "keerthi-frontend-bucket-123",
            "key": "cart.html",
            "region": "ap-southeast-1"
          },
          "private": "bnVsbA==",
          "dependencies": [
            "aws_s3_bucket.frontend"
          ]
        }
      ]
    },
    {
      "mode": "managed",
      "type": "aws_s3_object",
      "name": "css",
      "provider": "provider[\"registry.terraform.io/hashicorp/aws\"]",
      "instances": [
        {
          "schema_version": 0,
          "attributes": {
            "acl": null,
            "arn": "arn:aws:s3:::keerthi-frontend-bucket-123/css/style.css",
            "bucket": "keerthi-frontend-bucket-123",
            "bucket_key_enabled": false,
            "cache_control": "",
            "checksum_algorithm": null,
            "checksum_crc32": "",
            "checksum_crc32c": "",
            "checksum_crc64nvme": "",
            "checksum_sha1": "",
            "checksum_sha256": "",
            "content": null,
            "content_base64": null,
            "content_disposition": "",
            "content_encoding": "",
            "content_language": "",
            "content_type": "text/css",
            "etag": "720d6485943ac105a1964c304dd81d8b",
            "force_destroy": false,
            "id": "keerthi-frontend-bucket-123/css/style.css",
            "key": "css/style.css",
            "kms_key_id": null,
            "metadata": {},
            "object_lock_legal_hold_status": "",
            "object_lock_mode": "",
            "object_lock_retain_until_date": "",
            "override_provider": [],
            "region": "ap-southeast-1",
            "server_side_encryption": "AES256",
            "source": "./../frontend/css/style.css",
            "source_hash": null,
            "storage_class": "STANDARD",
            "tags": {},
            "tags_all": {},
            "version_id": "",
            "website_redirect": ""
          },
          "sensitive_attributes": [],
          "identity_schema_version": 0,
          "identity": {
            "account_id": "726101441380",
            "bucket": "keerthi-frontend-bucket-123",
            "key": "css/style.css",
            "region": "ap-southeast-1"
          },
          "private": "bnVsbA==",
          "dependencies": [
            "aws_s3_bucket.frontend"
          ]
        }
      ]
    },
    {
      "mode": "managed",
      "type": "aws_s3_object",
      "name": "index",
      "provider": "provider[\"registry.terraform.io/hashicorp/aws\"]",
      "instances": [
        {
          "schema_version": 0,
          "attributes": {
            "acl": null,
            "arn": "arn:aws:s3:::keerthi-frontend-bucket-123/index.html",
            "bucket": "keerthi-frontend-bucket-123",
            "bucket_key_enabled": false,
            "cache_control": "",
            "checksum_algorithm": null,
            "checksum_crc32": "",
            "checksum_crc32c": "",
            "checksum_crc64nvme": "",
            "checksum_sha1": "",
            "checksum_sha256": "",
            "content": null,
            "content_base64": null,
            "content_disposition": "",
            "content_encoding": "",
            "content_language": "",
            "content_type": "text/html",
            "etag": "82958a6c9aad85091d8bb9f5bb32c2d3",
            "force_destroy": false,
            "id": "keerthi-frontend-bucket-123/index.html",
            "key": "index.html",
            "kms_key_id": null,
            "metadata": {},
            "object_lock_legal_hold_status": "",
            "object_lock_mode": "",
            "object_lock_retain_until_date": "",
            "override_provider": [],
            "region": "ap-southeast-1",
            "server_side_encryption": "AES256",
            "source": "./../frontend/pages/index.html",
            "source_hash": null,
            "storage_class": "STANDARD",
            "tags": {},
            "tags_all": {},
            "version_id": "",
            "website_redirect": ""
          },
          "sensitive_attributes": [],
          "identity_schema_version": 0,
          "identity": {
            "account_id": "726101441380",
            "bucket": "keerthi-frontend-bucket-123",
            "key": "index.html",
            "region": "ap-southeast-1"
          },
          "private": "bnVsbA==",
          "dependencies": [
            "aws_s3_bucket.frontend"
          ]
        }
      ]
    },
    {
      "mode": "managed",
      "type": "aws_s3_object",
      "name": "js",
      "provider": "provider[\"registry.terraform.io/hashicorp/aws\"]",
      "instances": [
        {
          "schema_version": 0,
          "attributes": {
            "acl": null,
            "arn": "arn:aws:s3:::keerthi-frontend-bucket-123/js/script.js",
            "bucket": "keerthi-frontend-bucket-123",
            "bucket_key_enabled": false,
            "cache_control": "",
            "checksum_algorithm": null,
            "checksum_crc32": "",
            "checksum_crc32c": "",
            "checksum_crc64nvme": "",
            "checksum_sha1": "",
            "checksum_sha256": "",
            "content": null,
            "content_base64": null,
            "content_disposition": "",
            "content_encoding": "",
            "content_language": "",
            "content_type": "application/javascript",
            "etag": "506a93e457b2efc865d8b756162e2b40",
            "force_destroy": false,
            "id": "keerthi-frontend-bucket-123/js/script.js",
            "key": "js/script.js",
            "kms_key_id": null,
            "metadata": {},
            "object_lock_legal_hold_status": "",
            "object_lock_mode": "",
            "object_lock_retain_until_date": "",
            "override_provider": [],
            "region": "ap-southeast-1",
            "server_side_encryption": "AES256",
            "source": "./../frontend/js/script.js",
            "source_hash": null,
            "storage_class": "STANDARD",
            "tags": {},
            "tags_all": {},
            "version_id": "",
            "website_redirect": ""
          },
          "sensitive_attributes": [],
          "identity_schema_version": 0,
          "identity": {
            "account_id": "726101441380",
            "bucket": "keerthi-frontend-bucket-123",
            "key": "js/script.js",
            "region": "ap-southeast-1"
          },
          "private": "bnVsbA==",
          "dependencies": [
            "aws_s3_bucket.frontend"
          ]
        }
      ]
    },
    {
      "mode": "managed",
      "type": "aws_s3_object",
      "name": "orders",
      "provider": "provider[\"registry.terraform.io/hashicorp/aws\"]",
      "instances": [
        {
          "schema_version": 0,
          "attributes": {
            "acl": null,
            "arn": "arn:aws:s3:::keerthi-frontend-bucket-123/orders.html",
            "bucket": "keerthi-frontend-bucket-123",
            "bucket_key_enabled": false,
            "cache_control": "",
            "checksum_algorithm": null,
            "checksum_crc32": "",
            "checksum_crc32c": "",
            "checksum_crc64nvme": "",
            "checksum_sha1": "",
            "checksum_sha256": "",
            "content": null,
            "content_base64": null,
            "content_disposition": "",
            "content_encoding": "",
            "content_language": "",
            "content_type": "text/html",
            "etag": "e84859aa1d602eb8c8fe9c839083bc3f",
            "force_destroy": false,
            "id": "keerthi-frontend-bucket-123/orders.html",
            "key": "orders.html",
            "kms_key_id": null,
            "metadata": {},
            "object_lock_legal_hold_status": "",
            "object_lock_mode": "",
            "object_lock_retain_until_date": "",
            "override_provider": [],
            "region": "ap-southeast-1",
            "server_side_encryption": "AES256",
            "source": "./../frontend/pages/orders.html",
            "source_hash": null,
            "storage_class": "STANDARD",
            "tags": {},
            "tags_all": {},
            "version_id": "",
            "website_redirect": ""
          },
          "sensitive_attributes": [],
          "identity_schema_version": 0,
          "identity": {
            "account_id": "726101441380",
            "bucket": "keerthi-frontend-bucket-123",
            "key": "orders.html",
            "region": "ap-southeast-1"
          },
          "private": "bnVsbA==",
          "dependencies": [
            "aws_s3_bucket.frontend"
          ]
        }
      ]
    },
    {
      "mode": "managed",
      "type": "aws_s3_object",
      "name": "portal",
      "provider": "provider[\"registry.terraform.io/hashicorp/aws\"]",
      "instances": [
        {
          "schema_version": 0,
          "attributes": {
            "acl": null,
            "arn": "arn:aws:s3:::keerthi-frontend-bucket-123/portal.html",
            "bucket": "keerthi-frontend-bucket-123",
            "bucket_key_enabled": false,
            "cache_control": "",
            "checksum_algorithm": null,
            "checksum_crc32": "",
            "checksum_crc32c": "",
            "checksum_crc64nvme": "",
            "checksum_sha1": "",
            "checksum_sha256": "",
            "content": null,
            "content_base64": null,
            "content_disposition": "",
            "content_encoding": "",
            "content_language": "",
            "content_type": "text/html",
            "etag": "65921ead2af66349f559ef658f8a0a09",
            "force_destroy": false,
            "id": "keerthi-frontend-bucket-123/portal.html",
            "key": "portal.html",
            "kms_key_id": null,
            "metadata": {},
            "object_lock_legal_hold_status": "",
            "object_lock_mode": "",
            "object_lock_retain_until_date": "",
            "override_provider": [],
            "region": "ap-southeast-1",
            "server_side_encryption": "AES256",
            "source": "./../frontend/portal.html",
            "source_hash": null,
            "storage_class": "STANDARD",
            "tags": {},
            "tags_all": {},
            "version_id": "",
            "website_redirect": ""
          },
          "sensitive_attributes": [],
          "identity_schema_version": 0,
          "identity": {
            "account_id": "726101441380",
            "bucket": "keerthi-frontend-bucket-123",
            "key": "portal.html",
            "region": "ap-southeast-1"
          },
          "private": "bnVsbA==",
          "dependencies": [
            "aws_s3_bucket.frontend"
          ]
        }
      ]
    },
    {
      "mode": "managed",
      "type": "aws_s3_object",
      "name": "user_login",
      "provider": "provider[\"registry.terraform.io/hashicorp/aws\"]",
      "instances": [
        {
          "schema_version": 0,
          "attributes": {
            "acl": null,
            "arn": "arn:aws:s3:::keerthi-frontend-bucket-123/user-login.html",
            "bucket": "keerthi-frontend-bucket-123",
            "bucket_key_enabled": false,
            "cache_control": "",
            "checksum_algorithm": null,
            "checksum_crc32": "",
            "checksum_crc32c": "",
            "checksum_crc64nvme": "",
            "checksum_sha1": "",
            "checksum_sha256": "",
            "content": null,
            "content_base64": null,
            "content_disposition": "",
            "content_encoding": "",
            "content_language": "",
            "content_type": "text/html",
            "etag": "a8eca782cb2c81b634bc0b0891c20979",
            "force_destroy": false,
            "id": "keerthi-frontend-bucket-123/user-login.html",
            "key": "user-login.html",
            "kms_key_id": null,
            "metadata": {},
            "object_lock_legal_hold_status": "",
            "object_lock_mode": "",
            "object_lock_retain_until_date": "",
            "override_provider": [],
            "region": "ap-southeast-1",
            "server_side_encryption": "AES256",
            "source": "./../frontend/user-login.html",
            "source_hash": null,
            "storage_class": "STANDARD",
            "tags": {},
            "tags_all": {},
            "version_id": "",
            "website_redirect": ""
          },
          "sensitive_attributes": [],
          "identity_schema_version": 0,
          "identity": {
            "account_id": "726101441380",
            "bucket": "keerthi-frontend-bucket-123",
            "key": "user-login.html",
            "region": "ap-southeast-1"
          },
          "private": "bnVsbA==",
          "dependencies": [
            "aws_s3_bucket.frontend"
          ]
        }
      ]
    },
    {
      "mode": "managed",
      "type": "aws_s3_object",
      "name": "user_register",
      "provider": "provider[\"registry.terraform.io/hashicorp/aws\"]",
      "instances": [
        {
          "schema_version": 0,
          "attributes": {
            "acl": null,
            "arn": "arn:aws:s3:::keerthi-frontend-bucket-123/user-register.html",
            "bucket": "keerthi-frontend-bucket-123",
            "bucket_key_enabled": false,
            "cache_control": "",
            "checksum_algorithm": null,
            "checksum_crc32": "",
            "checksum_crc32c": "",
            "checksum_crc64nvme": "",
            "checksum_sha1": "",
            "checksum_sha256": "",
            "content": null,
            "content_base64": null,
            "content_disposition": "",
            "content_encoding": "",
            "content_language": "",
            "content_type": "text/html",
            "etag": "e9e4440b2aed408ba1ef492755af2650",
            "force_destroy": false,
            "id": "keerthi-frontend-bucket-123/user-register.html",
            "key": "user-register.html",
            "kms_key_id": null,
            "metadata": {},
            "object_lock_legal_hold_status": "",
            "object_lock_mode": "",
            "object_lock_retain_until_date": "",
            "override_provider": [],
            "region": "ap-southeast-1",
            "server_side_encryption": "AES256",
            "source": "./../frontend/user-register.html",
            "source_hash": null,
            "storage_class": "STANDARD",
            "tags": {},
            "tags_all": {},
            "version_id": "",
            "website_redirect": ""
          },
          "sensitive_attributes": [],
          "identity_schema_version": 0,
          "identity": {
            "account_id": "726101441380",
            "bucket": "keerthi-frontend-bucket-123",
            "key": "user-register.html",
            "region": "ap-southeast-1"
          },
          "private": "bnVsbA==",
          "dependencies": [
            "aws_s3_bucket.frontend"
          ]
        }
      ]
    },
    {
      "mode": "managed",
      "type": "aws_s3_object",
      "name": "website_test",
      "provider": "provider[\"registry.terraform.io/hashicorp/aws\"]",
      "instances": [
        {
          "schema_version": 0,
          "attributes": {
            "acl": null,
            "arn": "arn:aws:s3:::keerthi-frontend-bucket-123/website.test.html",
            "bucket": "keerthi-frontend-bucket-123",
            "bucket_key_enabled": false,
            "cache_control": "",
            "checksum_algorithm": null,
            "checksum_crc32": "",
            "checksum_crc32c": "",
            "checksum_crc64nvme": "",
            "checksum_sha1": "",
            "checksum_sha256": "",
            "content": null,
            "content_base64": null,
            "content_disposition": "",
            "content_encoding": "",
            "content_language": "",
            "content_type": "text/html",
            "etag": "4091b974f5134d15ff100468a7e0b9f2",
            "force_destroy": false,
            "id": "keerthi-frontend-bucket-123/website.test.html",
            "key": "website.test.html",
            "kms_key_id": null,
            "metadata": {},
            "object_lock_legal_hold_status": "",
            "object_lock_mode": "",
            "object_lock_retain_until_date": "",
            "override_provider": [],
            "region": "ap-southeast-1",
            "server_side_encryption": "AES256",
            "source": "./../frontend/website.test.html",
            "source_hash": null,
            "storage_class": "STANDARD",
            "tags": {},
            "tags_all": {},
            "version_id": "",
            "website_redirect": ""
          },
          "sensitive_attributes": [],
          "identity_schema_version": 0,
          "identity": {
            "account_id": "726101441380",
            "bucket": "keerthi-frontend-bucket-123",
            "key": "website.test.html",
            "region": "ap-southeast-1"
          },
          "private": "bnVsbA==",
          "dependencies": [
            "aws_s3_bucket.frontend"
          ]
        }
      ]
    },
    {
      "mode": "managed",
      "type": "aws_sns_topic",
      "name": "monitoring_alerts",
      "provider": "provider[\"registry.terraform.io/hashicorp/aws\"]",
      "instances": [
        {
          "schema_version": 0,
          "attributes": {
            "application_failure_feedback_role_arn": "",
            "application_success_feedback_role_arn": "",
            "application_success_feedback_sample_rate": 0,
            "archive_policy": "",
            "arn": "arn:aws:sns:ap-southeast-1:726101441380:keerthi-service-monitoring-alerts",
            "beginning_archive_time": "",
            "content_based_deduplication": false,
            "delivery_policy": "",
            "display_name": "",
            "fifo_throughput_scope": "",
            "fifo_topic": false,
            "firehose_failure_feedback_role_arn": "",
            "firehose_success_feedback_role_arn": "",
            "firehose_success_feedback_sample_rate": 0,
            "http_failure_feedback_role_arn": "",
            "http_success_feedback_role_arn": "",
            "http_success_feedback_sample_rate": 0,
            "id": "arn:aws:sns:ap-southeast-1:726101441380:keerthi-service-monitoring-alerts",
            "kms_master_key_id": "",
            "lambda_failure_feedback_role_arn": "",
            "lambda_success_feedback_role_arn": "",
            "lambda_success_feedback_sample_rate": 0,
            "name": "keerthi-service-monitoring-alerts",
            "name_prefix": "",
            "owner": "726101441380",
            "policy": "{\"Id\":\"__default_policy_ID\",\"Statement\":[{\"Action\":[\"SNS:GetTopicAttributes\",\"SNS:SetTopicAttributes\",\"SNS:AddPermission\",\"SNS:RemovePermission\",\"SNS:DeleteTopic\",\"SNS:Subscribe\",\"SNS:ListSubscriptionsByTopic\",\"SNS:Publish\"],\"Condition\":{\"StringEquals\":{\"AWS:SourceOwner\":\"726101441380\"}},\"Effect\":\"Allow\",\"Principal\":{\"AWS\":\"*\"},\"Resource\":\"arn:aws:sns:ap-southeast-1:726101441380:keerthi-service-monitoring-alerts\",\"Sid\":\"__default_statement_ID\"}],\"Version\":\"2008-10-17\"}",
            "region": "ap-southeast-1",
            "signature_version": 0,
            "sqs_failure_feedback_role_arn": "",
            "sqs_success_feedback_role_arn": "",
            "sqs_success_feedback_sample_rate": 0,
            "tags": {},
            "tags_all": {},
            "tracing_config": ""
          },
          "sensitive_attributes": [],
          "identity_schema_version": 0,
          "identity": {
            "arn": "arn:aws:sns:ap-southeast-1:726101441380:keerthi-service-monitoring-alerts"
          },
          "private": "bnVsbA=="
        }
      ]
    },
    {
      "mode": "managed",
      "type": "aws_sns_topic_subscription",
      "name": "monitoring_email",
      "provider": "provider[\"registry.terraform.io/hashicorp/aws\"]",
      "instances": []
    }
  ],
  "check_results": null
}
